<?xml version="1.0" encoding="utf-8"?>
<Project ToolsVersion="4.0" xmlns="http://schemas.microsoft.com/developer/msbuild/2003">
  <ItemGroup>
    <Filter Include="Client Files">
      <UniqueIdentifier>{c6bae6f5-b250-45f3-872f-f8a447045b64}</UniqueIdentifier>
    </Filter>
    <Filter Include="Main">
      <UniqueIdentifier>{06c248cf-8e06-423d-975d-f0457fdb0d9c}</UniqueIdentifier>
    </Filter>
    <Filter Include="BZip2">
      <UniqueIdentifier>{4da7feff-158e-4c85-b937-624b19335e4e}</UniqueIdentifier>
    </Filter>
    <Filter Include="BZip2Wrapper">
      <UniqueIdentifier>{3d4a5c7d-013d-461a-8758-bc1a4765677f}</UniqueIdentifier>
    </Filter>
  </ItemGroup>
  <ItemGroup>
    <ClCompile Include="..\..\DependentExtensions\Autopatcher\ApplyPatch.cpp">
      <Filter>Client Files</Filter>
    </ClCompile>
    <ClCompile Include="..\..\DependentExtensions\Autopatcher\AutopatcherClient.cpp">
      <Filter>Client Files</Filter>
    </ClCompile>
    <ClCompile Include="AutopatcherClientTest.cpp">
      <Filter>Main</Filter>
    </ClCompile>
    <ClCompile Include="..\..\DependentExtensions\bzip2-1.0.6\blocksort.c">
      <Filter>BZip2</Filter>
    </ClCompile>
    <ClCompile Include="..\..\DependentExtensions\bzip2-1.0.6\bzlib.c">
      <Filter>BZip2</Filter>
    </ClCompile>
    <ClCompile Include="..\..\DependentExtensions\bzip2-1.0.6\compress.c">
      <Filter>BZip2</Filter>
    </ClCompile>
    <ClCompile Include="..\..\DependentExtensions\bzip2-1.0.6\crctable.c">
      <Filter>BZip2</Filter>
    </ClCompile>
    <ClCompile Include="..\..\DependentExtensions\bzip2-1.0.6\decompress.c">
      <Filter>BZip2</Filter>
    </ClCompile>
    <ClCompile Include="..\..\DependentExtensions\bzip2-1.0.6\huffman.c">
      <Filter>BZip2</Filter>
    </ClCompile>
    <ClCompile Include="..\..\DependentExtensions\bzip2-1.0.6\randtable.c">
      <Filter>BZip2</Filter>
    </ClCompile>
    <ClCompile Include="..\..\DependentExtensions\Autopatcher\MemoryCompressor.cpp">
      <Filter>BZip2Wrapper</Filter>
    </ClCompile>
  </ItemGroup>
  <ItemGroup>
    <ClInclude Include="..\..\DependentExtensions\Autopatcher\ApplyPatch.h">
      <Filter>Client Files</Filter>
    </ClInclude>
    <ClInclude Include="..\..\DependentExtensions\Autopatcher\AutopatcherClient.h">
      <Filter>Client Files</Filter>
    </ClInclude>
    <ClInclude Include="..\..\Source\AutopatcherPatchContext.h">
      <Filter>Client Files</Filter>
    </ClInclude>
    <ClInclude Include="..\..\DependentExtensions\bzip2-1.0.6\bzlib.h">
      <Filter>BZip2</Filter>
    </ClInclude>
    <ClInclude Include="..\..\DependentExtensions\bzip2-1.0.6\bzlib_private.h">
      <Filter>BZip2</Filter>
    </ClInclude>
    <ClInclude Include="..\..\DependentExtensions\Autopatcher\MemoryCompressor.h">
      <Filter>BZip2Wrapper</Filter>
    </ClInclude>
  </ItemGroup>
  <ItemGroup>
    <Text Include="readme.txt" />
  </ItemGroup>
</Project>